
Microsoft Visual Studio Solution File, Format Version 12.00
# Visual Studio Version 17
VisualStudioVersion = 17.11.35312.102
MinimumVisualStudioVersion = 10.0.40219.1
Project("{FAE04EC0-301F-11D3-BF4B-00C04F79EFBC}") = "LibraryAPI", "LibraryAPI\LibraryAPI.csproj", "{38055695-BF6D-4C04-9885-C18BFA59FE16}"
EndProject
Global
	GlobalSection(SolutionConfigurationPlatforms) = preSolution
		Debug|Any CPU = Debug|Any CPU
		Release|Any CPU = Release|Any CPU
	EndGlobalSection
	GlobalSection(ProjectConfigurationPlatforms) = postSolution
		{38055695-BF6D-4C04-9885-C18BFA59FE16}.Debug|Any CPU.ActiveCfg = Debug|Any CPU
		{38055695-BF6D-4C04-9885-C18BFA59FE16}.Debug|Any CPU.Build.0 = Debug|Any CPU
		{38055695-BF6D-4C04-9885-C18BFA59FE16}.Release|Any CPU.ActiveCfg = Release|Any CPU
		{38055695-BF6D-4C04-9885-C18BFA59FE16}.Release|Any CPU.Build.0 = Release|Any CPU
	EndGlobalSection
	GlobalSection(SolutionProperties) = preSolution
		HideSolutionNode = FALSE
	EndGlobalSection
	GlobalSection(ExtensibilityGlobals) = postSolution
		SolutionGuid = {A7FE757D-3C75-4649-B817-5C9E8C229778}
	EndGlobalSection
EndGlobal
